
Microsoft Visual Studio Solution File, Format Version 12.00
# Visual Studio 15
VisualStudioVersion = 15.0.26124.0
MinimumVisualStudioVersion = 15.0.26124.0
Project("{FAE04EC0-301F-11D3-BF4B-00C04F79EFBC}") = "Penguin.Cms.Navigation.Repositories.Local", "Penguin.Cms.Navigation.Repositories.Local.csproj", "{8147811B-8926-4A42-B8F2-D01672676252}"
EndProject
Project("{FAE04EC0-301F-11D3-BF4B-00C04F79EFBC}") = "Penguin.Cms.Navigation.Local", "..\Penguin.Cms.Navigation\Penguin.Cms.Navigation.Local.csproj", "{B6B801FE-782B-489D-B93D-42B85E37B90B}"
EndProject
Project("{FAE04EC0-301F-11D3-BF4B-00C04F79EFBC}") = "Penguin.Cms.Abstractions.Local", "..\Penguin.Cms.Abstractions\Penguin.Cms.Abstractions.Local.csproj", "{99894EC4-C882-4434-870A-1FE5A4F7D79D}"
EndProject
Project("{FAE04EC0-301F-11D3-BF4B-00C04F79EFBC}") = "Penguin.DependencyInjection.Abstractions.Local", "..\Penguin.DependencyInjection.Abstractions\Penguin.DependencyInjection.Abstractions.Local.csproj", "{C8FB9E45-9F9B-4066-8AE8-E3EEA7B37024}"
EndProject
Project("{FAE04EC0-301F-11D3-BF4B-00C04F79EFBC}") = "Penguin.Persistence.Abstractions.Local", "..\Penguin.Persistence.Abstractions\Penguin.Persistence.Abstractions.Local.csproj", "{5B4BFB1F-A835-4075-85B0-65981A08C781}"
EndProject
Project("{FAE04EC0-301F-11D3-BF4B-00C04F79EFBC}") = "Penguin.Entities.Abstractions.Local", "..\Penguin.Entities.Abstractions\Penguin.Entities.Abstractions.Local.csproj", "{AB43BA21-4C2D-4ABB-BFEB-C78E7B322056}"
EndProject
Project("{FAE04EC0-301F-11D3-BF4B-00C04F79EFBC}") = "Penguin.Reflection.Extensions.Local", "..\Penguin.Reflection.Extensions\Penguin.Reflection.Extensions.Local.csproj", "{E61ADF4D-B385-4652-8DFC-41D0CBD0FC69}"
EndProject
Project("{FAE04EC0-301F-11D3-BF4B-00C04F79EFBC}") = "Penguin.Extensions.String.Local", "..\Penguin.Extensions.String\Penguin.Extensions.String.Local.csproj", "{727B6464-377F-4C2F-AF4D-6F7D2D10D23D}"
EndProject
Project("{FAE04EC0-301F-11D3-BF4B-00C04F79EFBC}") = "Penguin.Reflection.Abstractions.Local", "..\Penguin.Reflection.Abstractions\Penguin.Reflection.Abstractions.Local.csproj", "{165EFA60-BD10-451C-BA4F-ACA6FA684EEA}"
EndProject
Project("{FAE04EC0-301F-11D3-BF4B-00C04F79EFBC}") = "Penguin.Cms.Entities.Local", "..\Penguin.Cms.Entities\Penguin.Cms.Entities.Local.csproj", "{5543F267-9330-4734-B4E1-8E101646F77F}"
EndProject
Project("{FAE04EC0-301F-11D3-BF4B-00C04F79EFBC}") = "Penguin.Navigation.Abstractions.Local", "..\Penguin.Navigation.Abstractions\Penguin.Navigation.Abstractions.Local.csproj", "{6A755FB4-005F-4907-822A-13873A73360E}"
EndProject
Project("{FAE04EC0-301F-11D3-BF4B-00C04F79EFBC}") = "Penguin.Shared.Objects.Local", "..\Penguin.Shared.Objects\Penguin.Shared.Objects.Local.csproj", "{E58D04C3-ABAB-44C8-93E6-B821879CC703}"
EndProject
Project("{FAE04EC0-301F-11D3-BF4B-00C04F79EFBC}") = "Penguin.Cms.Repositories.Local", "..\Penguin.Cms.Repositories\Penguin.Cms.Repositories.Local.csproj", "{54101622-21B6-4527-9F22-0DC007304D33}"
EndProject
Project("{FAE04EC0-301F-11D3-BF4B-00C04F79EFBC}") = "Penguin.Messaging.Core.Local", "..\Penguin.Messaging.Core\Penguin.Messaging.Core.Local.csproj", "{A8770752-7144-4EF0-82A8-DFA2DF4456A7}"
EndProject
Project("{FAE04EC0-301F-11D3-BF4B-00C04F79EFBC}") = "Penguin.Debugging.Local", "..\Penguin.Debugging\Penguin.Debugging.Local.csproj", "{7255C91D-99C9-4002-A71E-B9E53EAD351B}"
EndProject
Project("{FAE04EC0-301F-11D3-BF4B-00C04F79EFBC}") = "Penguin.Extensions.Exceptions.Local", "..\Penguin.Extensions.Exceptions\Penguin.Extensions.Exceptions.Local.csproj", "{51ADBC07-6B56-4F26-BA3C-4FDCA5AB589A}"
EndProject
Project("{FAE04EC0-301F-11D3-BF4B-00C04F79EFBC}") = "Penguin.Messaging.Abstractions.Local", "..\Penguin.Messaging.Abstractions\Penguin.Messaging.Abstractions.Local.csproj", "{5B991084-3D17-44FD-B049-D972DB41A6C0}"
EndProject
Project("{FAE04EC0-301F-11D3-BF4B-00C04F79EFBC}") = "Penguin.Persistence.Repositories.Local", "..\Penguin.Persistence.Repositories\Penguin.Persistence.Repositories.Local.csproj", "{3429651D-AF53-4EB4-B53A-CF09943009BC}"
EndProject
Project("{FAE04EC0-301F-11D3-BF4B-00C04F79EFBC}") = "Penguin.Messaging.Persistence.Local", "..\Penguin.Messaging.Persistence\Penguin.Messaging.Persistence.Local.csproj", "{21160607-B25B-4FBE-AB2C-D8B9DBAD4B6E}"
EndProject
Project("{FAE04EC0-301F-11D3-BF4B-00C04F79EFBC}") = "Penguin.Reflection.Local", "..\Penguin.Reflection\Penguin.Reflection.Local.csproj", "{582CEAEA-A561-42BF-89AC-D9A7246B961A}"
EndProject
Project("{FAE04EC0-301F-11D3-BF4B-00C04F79EFBC}") = "Penguin.Extensions.Collections.Local", "..\Penguin.Extensions.Collections\Penguin.Extensions.Collections.Local.csproj", "{35087361-6552-41EB-92D1-78BB7B90AFC1}"
EndProject
Project("{FAE04EC0-301F-11D3-BF4B-00C04F79EFBC}") = "Penguin.Security.Abstractions.Local", "..\Penguin.Security.Abstractions\Penguin.Security.Abstractions.Local.csproj", "{A2947DA5-3091-41DB-8EA6-B4A82801A353}"
EndProject
Global
	GlobalSection(SolutionConfigurationPlatforms) = preSolution
		Debug|Any CPU = Debug|Any CPU
		Debug|x64 = Debug|x64
		Debug|x86 = Debug|x86
		Release|Any CPU = Release|Any CPU
		Release|x64 = Release|x64
		Release|x86 = Release|x86
	EndGlobalSection
	GlobalSection(SolutionProperties) = preSolution
		HideSolutionNode = FALSE
	EndGlobalSection
	GlobalSection(ProjectConfigurationPlatforms) = postSolution
		{8147811B-8926-4A42-B8F2-D01672676252}.Debug|Any CPU.ActiveCfg = Debug|Any CPU
		{8147811B-8926-4A42-B8F2-D01672676252}.Debug|Any CPU.Build.0 = Debug|Any CPU
		{8147811B-8926-4A42-B8F2-D01672676252}.Debug|x64.ActiveCfg = Debug|Any CPU
		{8147811B-8926-4A42-B8F2-D01672676252}.Debug|x64.Build.0 = Debug|Any CPU
		{8147811B-8926-4A42-B8F2-D01672676252}.Debug|x86.ActiveCfg = Debug|Any CPU
		{8147811B-8926-4A42-B8F2-D01672676252}.Debug|x86.Build.0 = Debug|Any CPU
		{8147811B-8926-4A42-B8F2-D01672676252}.Release|Any CPU.ActiveCfg = Release|Any CPU
		{8147811B-8926-4A42-B8F2-D01672676252}.Release|Any CPU.Build.0 = Release|Any CPU
		{8147811B-8926-4A42-B8F2-D01672676252}.Release|x64.ActiveCfg = Release|Any CPU
		{8147811B-8926-4A42-B8F2-D01672676252}.Release|x64.Build.0 = Release|Any CPU
		{8147811B-8926-4A42-B8F2-D01672676252}.Release|x86.ActiveCfg = Release|Any CPU
		{8147811B-8926-4A42-B8F2-D01672676252}.Release|x86.Build.0 = Release|Any CPU
		{B6B801FE-782B-489D-B93D-42B85E37B90B}.Debug|Any CPU.ActiveCfg = Debug|Any CPU
		{B6B801FE-782B-489D-B93D-42B85E37B90B}.Debug|Any CPU.Build.0 = Debug|Any CPU
		{B6B801FE-782B-489D-B93D-42B85E37B90B}.Debug|x64.ActiveCfg = Debug|Any CPU
		{B6B801FE-782B-489D-B93D-42B85E37B90B}.Debug|x64.Build.0 = Debug|Any CPU
		{B6B801FE-782B-489D-B93D-42B85E37B90B}.Debug|x86.ActiveCfg = Debug|Any CPU
		{B6B801FE-782B-489D-B93D-42B85E37B90B}.Debug|x86.Build.0 = Debug|Any CPU
		{B6B801FE-782B-489D-B93D-42B85E37B90B}.Release|Any CPU.ActiveCfg = Release|Any CPU
		{B6B801FE-782B-489D-B93D-42B85E37B90B}.Release|Any CPU.Build.0 = Release|Any CPU
		{B6B801FE-782B-489D-B93D-42B85E37B90B}.Release|x64.ActiveCfg = Release|Any CPU
		{B6B801FE-782B-489D-B93D-42B85E37B90B}.Release|x64.Build.0 = Release|Any CPU
		{B6B801FE-782B-489D-B93D-42B85E37B90B}.Release|x86.ActiveCfg = Release|Any CPU
		{B6B801FE-782B-489D-B93D-42B85E37B90B}.Release|x86.Build.0 = Release|Any CPU
		{99894EC4-C882-4434-870A-1FE5A4F7D79D}.Debug|Any CPU.ActiveCfg = Debug|Any CPU
		{99894EC4-C882-4434-870A-1FE5A4F7D79D}.Debug|Any CPU.Build.0 = Debug|Any CPU
		{99894EC4-C882-4434-870A-1FE5A4F7D79D}.Debug|x64.ActiveCfg = Debug|Any CPU
		{99894EC4-C882-4434-870A-1FE5A4F7D79D}.Debug|x64.Build.0 = Debug|Any CPU
		{99894EC4-C882-4434-870A-1FE5A4F7D79D}.Debug|x86.ActiveCfg = Debug|Any CPU
		{99894EC4-C882-4434-870A-1FE5A4F7D79D}.Debug|x86.Build.0 = Debug|Any CPU
		{99894EC4-C882-4434-870A-1FE5A4F7D79D}.Release|Any CPU.ActiveCfg = Release|Any CPU
		{99894EC4-C882-4434-870A-1FE5A4F7D79D}.Release|Any CPU.Build.0 = Release|Any CPU
		{99894EC4-C882-4434-870A-1FE5A4F7D79D}.Release|x64.ActiveCfg = Release|Any CPU
		{99894EC4-C882-4434-870A-1FE5A4F7D79D}.Release|x64.Build.0 = Release|Any CPU
		{99894EC4-C882-4434-870A-1FE5A4F7D79D}.Release|x86.ActiveCfg = Release|Any CPU
		{99894EC4-C882-4434-870A-1FE5A4F7D79D}.Release|x86.Build.0 = Release|Any CPU
		{C8FB9E45-9F9B-4066-8AE8-E3EEA7B37024}.Debug|Any CPU.ActiveCfg = Debug|Any CPU
		{C8FB9E45-9F9B-4066-8AE8-E3EEA7B37024}.Debug|Any CPU.Build.0 = Debug|Any CPU
		{C8FB9E45-9F9B-4066-8AE8-E3EEA7B37024}.Debug|x64.ActiveCfg = Debug|Any CPU
		{C8FB9E45-9F9B-4066-8AE8-E3EEA7B37024}.Debug|x64.Build.0 = Debug|Any CPU
		{C8FB9E45-9F9B-4066-8AE8-E3EEA7B37024}.Debug|x86.ActiveCfg = Debug|Any CPU
		{C8FB9E45-9F9B-4066-8AE8-E3EEA7B37024}.Debug|x86.Build.0 = Debug|Any CPU
		{C8FB9E45-9F9B-4066-8AE8-E3EEA7B37024}.Release|Any CPU.ActiveCfg = Release|Any CPU
		{C8FB9E45-9F9B-4066-8AE8-E3EEA7B37024}.Release|Any CPU.Build.0 = Release|Any CPU
		{C8FB9E45-9F9B-4066-8AE8-E3EEA7B37024}.Release|x64.ActiveCfg = Release|Any CPU
		{C8FB9E45-9F9B-4066-8AE8-E3EEA7B37024}.Release|x64.Build.0 = Release|Any CPU
		{C8FB9E45-9F9B-4066-8AE8-E3EEA7B37024}.Release|x86.ActiveCfg = Release|Any CPU
		{C8FB9E45-9F9B-4066-8AE8-E3EEA7B37024}.Release|x86.Build.0 = Release|Any CPU
		{5B4BFB1F-A835-4075-85B0-65981A08C781}.Debug|Any CPU.ActiveCfg = Debug|Any CPU
		{5B4BFB1F-A835-4075-85B0-65981A08C781}.Debug|Any CPU.Build.0 = Debug|Any CPU
		{5B4BFB1F-A835-4075-85B0-65981A08C781}.Debug|x64.ActiveCfg = Debug|Any CPU
		{5B4BFB1F-A835-4075-85B0-65981A08C781}.Debug|x64.Build.0 = Debug|Any CPU
		{5B4BFB1F-A835-4075-85B0-65981A08C781}.Debug|x86.ActiveCfg = Debug|Any CPU
		{5B4BFB1F-A835-4075-85B0-65981A08C781}.Debug|x86.Build.0 = Debug|Any CPU
		{5B4BFB1F-A835-4075-85B0-65981A08C781}.Release|Any CPU.ActiveCfg = Release|Any CPU
		{5B4BFB1F-A835-4075-85B0-65981A08C781}.Release|Any CPU.Build.0 = Release|Any CPU
		{5B4BFB1F-A835-4075-85B0-65981A08C781}.Release|x64.ActiveCfg = Release|Any CPU
		{5B4BFB1F-A835-4075-85B0-65981A08C781}.Release|x64.Build.0 = Release|Any CPU
		{5B4BFB1F-A835-4075-85B0-65981A08C781}.Release|x86.ActiveCfg = Release|Any CPU
		{5B4BFB1F-A835-4075-85B0-65981A08C781}.Release|x86.Build.0 = Release|Any CPU
		{AB43BA21-4C2D-4ABB-BFEB-C78E7B322056}.Debug|Any CPU.ActiveCfg = Debug|Any CPU
		{AB43BA21-4C2D-4ABB-BFEB-C78E7B322056}.Debug|Any CPU.Build.0 = Debug|Any CPU
		{AB43BA21-4C2D-4ABB-BFEB-C78E7B322056}.Debug|x64.ActiveCfg = Debug|Any CPU
		{AB43BA21-4C2D-4ABB-BFEB-C78E7B322056}.Debug|x64.Build.0 = Debug|Any CPU
		{AB43BA21-4C2D-4ABB-BFEB-C78E7B322056}.Debug|x86.ActiveCfg = Debug|Any CPU
		{AB43BA21-4C2D-4ABB-BFEB-C78E7B322056}.Debug|x86.Build.0 = Debug|Any CPU
		{AB43BA21-4C2D-4ABB-BFEB-C78E7B322056}.Release|Any CPU.ActiveCfg = Release|Any CPU
		{AB43BA21-4C2D-4ABB-BFEB-C78E7B322056}.Release|Any CPU.Build.0 = Release|Any CPU
		{AB43BA21-4C2D-4ABB-BFEB-C78E7B322056}.Release|x64.ActiveCfg = Release|Any CPU
		{AB43BA21-4C2D-4ABB-BFEB-C78E7B322056}.Release|x64.Build.0 = Release|Any CPU
		{AB43BA21-4C2D-4ABB-BFEB-C78E7B322056}.Release|x86.ActiveCfg = Release|Any CPU
		{AB43BA21-4C2D-4ABB-BFEB-C78E7B322056}.Release|x86.Build.0 = Release|Any CPU
		{E61ADF4D-B385-4652-8DFC-41D0CBD0FC69}.Debug|Any CPU.ActiveCfg = Debug|Any CPU
		{E61ADF4D-B385-4652-8DFC-41D0CBD0FC69}.Debug|Any CPU.Build.0 = Debug|Any CPU
		{E61ADF4D-B385-4652-8DFC-41D0CBD0FC69}.Debug|x64.ActiveCfg = Debug|Any CPU
		{E61ADF4D-B385-4652-8DFC-41D0CBD0FC69}.Debug|x64.Build.0 = Debug|Any CPU
		{E61ADF4D-B385-4652-8DFC-41D0CBD0FC69}.Debug|x86.ActiveCfg = Debug|Any CPU
		{E61ADF4D-B385-4652-8DFC-41D0CBD0FC69}.Debug|x86.Build.0 = Debug|Any CPU
		{E61ADF4D-B385-4652-8DFC-41D0CBD0FC69}.Release|Any CPU.ActiveCfg = Release|Any CPU
		{E61ADF4D-B385-4652-8DFC-41D0CBD0FC69}.Release|Any CPU.Build.0 = Release|Any CPU
		{E61ADF4D-B385-4652-8DFC-41D0CBD0FC69}.Release|x64.ActiveCfg = Release|Any CPU
		{E61ADF4D-B385-4652-8DFC-41D0CBD0FC69}.Release|x64.Build.0 = Release|Any CPU
		{E61ADF4D-B385-4652-8DFC-41D0CBD0FC69}.Release|x86.ActiveCfg = Release|Any CPU
		{E61ADF4D-B385-4652-8DFC-41D0CBD0FC69}.Release|x86.Build.0 = Release|Any CPU
		{727B6464-377F-4C2F-AF4D-6F7D2D10D23D}.Debug|Any CPU.ActiveCfg = Debug|Any CPU
		{727B6464-377F-4C2F-AF4D-6F7D2D10D23D}.Debug|Any CPU.Build.0 = Debug|Any CPU
		{727B6464-377F-4C2F-AF4D-6F7D2D10D23D}.Debug|x64.ActiveCfg = Debug|Any CPU
		{727B6464-377F-4C2F-AF4D-6F7D2D10D23D}.Debug|x64.Build.0 = Debug|Any CPU
		{727B6464-377F-4C2F-AF4D-6F7D2D10D23D}.Debug|x86.ActiveCfg = Debug|Any CPU
		{727B6464-377F-4C2F-AF4D-6F7D2D10D23D}.Debug|x86.Build.0 = Debug|Any CPU
		{727B6464-377F-4C2F-AF4D-6F7D2D10D23D}.Release|Any CPU.ActiveCfg = Release|Any CPU
		{727B6464-377F-4C2F-AF4D-6F7D2D10D23D}.Release|Any CPU.Build.0 = Release|Any CPU
		{727B6464-377F-4C2F-AF4D-6F7D2D10D23D}.Release|x64.ActiveCfg = Release|Any CPU
		{727B6464-377F-4C2F-AF4D-6F7D2D10D23D}.Release|x64.Build.0 = Release|Any CPU
		{727B6464-377F-4C2F-AF4D-6F7D2D10D23D}.Release|x86.ActiveCfg = Release|Any CPU
		{727B6464-377F-4C2F-AF4D-6F7D2D10D23D}.Release|x86.Build.0 = Release|Any CPU
		{165EFA60-BD10-451C-BA4F-ACA6FA684EEA}.Debug|Any CPU.ActiveCfg = Debug|Any CPU
		{165EFA60-BD10-451C-BA4F-ACA6FA684EEA}.Debug|Any CPU.Build.0 = Debug|Any CPU
		{165EFA60-BD10-451C-BA4F-ACA6FA684EEA}.Debug|x64.ActiveCfg = Debug|Any CPU
		{165EFA60-BD10-451C-BA4F-ACA6FA684EEA}.Debug|x64.Build.0 = Debug|Any CPU
		{165EFA60-BD10-451C-BA4F-ACA6FA684EEA}.Debug|x86.ActiveCfg = Debug|Any CPU
		{165EFA60-BD10-451C-BA4F-ACA6FA684EEA}.Debug|x86.Build.0 = Debug|Any CPU
		{165EFA60-BD10-451C-BA4F-ACA6FA684EEA}.Release|Any CPU.ActiveCfg = Release|Any CPU
		{165EFA60-BD10-451C-BA4F-ACA6FA684EEA}.Release|Any CPU.Build.0 = Release|Any CPU
		{165EFA60-BD10-451C-BA4F-ACA6FA684EEA}.Release|x64.ActiveCfg = Release|Any CPU
		{165EFA60-BD10-451C-BA4F-ACA6FA684EEA}.Release|x64.Build.0 = Release|Any CPU
		{165EFA60-BD10-451C-BA4F-ACA6FA684EEA}.Release|x86.ActiveCfg = Release|Any CPU
		{165EFA60-BD10-451C-BA4F-ACA6FA684EEA}.Release|x86.Build.0 = Release|Any CPU
		{5543F267-9330-4734-B4E1-8E101646F77F}.Debug|Any CPU.ActiveCfg = Debug|Any CPU
		{5543F267-9330-4734-B4E1-8E101646F77F}.Debug|Any CPU.Build.0 = Debug|Any CPU
		{5543F267-9330-4734-B4E1-8E101646F77F}.Debug|x64.ActiveCfg = Debug|Any CPU
		{5543F267-9330-4734-B4E1-8E101646F77F}.Debug|x64.Build.0 = Debug|Any CPU
		{5543F267-9330-4734-B4E1-8E101646F77F}.Debug|x86.ActiveCfg = Debug|Any CPU
		{5543F267-9330-4734-B4E1-8E101646F77F}.Debug|x86.Build.0 = Debug|Any CPU
		{5543F267-9330-4734-B4E1-8E101646F77F}.Release|Any CPU.ActiveCfg = Release|Any CPU
		{5543F267-9330-4734-B4E1-8E101646F77F}.Release|Any CPU.Build.0 = Release|Any CPU
		{5543F267-9330-4734-B4E1-8E101646F77F}.Release|x64.ActiveCfg = Release|Any CPU
		{5543F267-9330-4734-B4E1-8E101646F77F}.Release|x64.Build.0 = Release|Any CPU
		{5543F267-9330-4734-B4E1-8E101646F77F}.Release|x86.ActiveCfg = Release|Any CPU
		{5543F267-9330-4734-B4E1-8E101646F77F}.Release|x86.Build.0 = Release|Any CPU
		{6A755FB4-005F-4907-822A-13873A73360E}.Debug|Any CPU.ActiveCfg = Debug|Any CPU
		{6A755FB4-005F-4907-822A-13873A73360E}.Debug|Any CPU.Build.0 = Debug|Any CPU
		{6A755FB4-005F-4907-822A-13873A73360E}.Debug|x64.ActiveCfg = Debug|Any CPU
		{6A755FB4-005F-4907-822A-13873A73360E}.Debug|x64.Build.0 = Debug|Any CPU
		{6A755FB4-005F-4907-822A-13873A73360E}.Debug|x86.ActiveCfg = Debug|Any CPU
		{6A755FB4-005F-4907-822A-13873A73360E}.Debug|x86.Build.0 = Debug|Any CPU
		{6A755FB4-005F-4907-822A-13873A73360E}.Release|Any CPU.ActiveCfg = Release|Any CPU
		{6A755FB4-005F-4907-822A-13873A73360E}.Release|Any CPU.Build.0 = Release|Any CPU
		{6A755FB4-005F-4907-822A-13873A73360E}.Release|x64.ActiveCfg = Release|Any CPU
		{6A755FB4-005F-4907-822A-13873A73360E}.Release|x64.Build.0 = Release|Any CPU
		{6A755FB4-005F-4907-822A-13873A73360E}.Release|x86.ActiveCfg = Release|Any CPU
		{6A755FB4-005F-4907-822A-13873A73360E}.Release|x86.Build.0 = Release|Any CPU
		{E58D04C3-ABAB-44C8-93E6-B821879CC703}.Debug|Any CPU.ActiveCfg = Debug|Any CPU
		{E58D04C3-ABAB-44C8-93E6-B821879CC703}.Debug|Any CPU.Build.0 = Debug|Any CPU
		{E58D04C3-ABAB-44C8-93E6-B821879CC703}.Debug|x64.ActiveCfg = Debug|Any CPU
		{E58D04C3-ABAB-44C8-93E6-B821879CC703}.Debug|x64.Build.0 = Debug|Any CPU
		{E58D04C3-ABAB-44C8-93E6-B821879CC703}.Debug|x86.ActiveCfg = Debug|Any CPU
		{E58D04C3-ABAB-44C8-93E6-B821879CC703}.Debug|x86.Build.0 = Debug|Any CPU
		{E58D04C3-ABAB-44C8-93E6-B821879CC703}.Release|Any CPU.ActiveCfg = Release|Any CPU
		{E58D04C3-ABAB-44C8-93E6-B821879CC703}.Release|Any CPU.Build.0 = Release|Any CPU
		{E58D04C3-ABAB-44C8-93E6-B821879CC703}.Release|x64.ActiveCfg = Release|Any CPU
		{E58D04C3-ABAB-44C8-93E6-B821879CC703}.Release|x64.Build.0 = Release|Any CPU
		{E58D04C3-ABAB-44C8-93E6-B821879CC703}.Release|x86.ActiveCfg = Release|Any CPU
		{E58D04C3-ABAB-44C8-93E6-B821879CC703}.Release|x86.Build.0 = Release|Any CPU
		{54101622-21B6-4527-9F22-0DC007304D33}.Debug|Any CPU.ActiveCfg = Debug|Any CPU
		{54101622-21B6-4527-9F22-0DC007304D33}.Debug|Any CPU.Build.0 = Debug|Any CPU
		{54101622-21B6-4527-9F22-0DC007304D33}.Debug|x64.ActiveCfg = Debug|Any CPU
		{54101622-21B6-4527-9F22-0DC007304D33}.Debug|x64.Build.0 = Debug|Any CPU
		{54101622-21B6-4527-9F22-0DC007304D33}.Debug|x86.ActiveCfg = Debug|Any CPU
		{54101622-21B6-4527-9F22-0DC007304D33}.Debug|x86.Build.0 = Debug|Any CPU
		{54101622-21B6-4527-9F22-0DC007304D33}.Release|Any CPU.ActiveCfg = Release|Any CPU
		{54101622-21B6-4527-9F22-0DC007304D33}.Release|Any CPU.Build.0 = Release|Any CPU
		{54101622-21B6-4527-9F22-0DC007304D33}.Release|x64.ActiveCfg = Release|Any CPU
		{54101622-21B6-4527-9F22-0DC007304D33}.Release|x64.Build.0 = Release|Any CPU
		{54101622-21B6-4527-9F22-0DC007304D33}.Release|x86.ActiveCfg = Release|Any CPU
		{54101622-21B6-4527-9F22-0DC007304D33}.Release|x86.Build.0 = Release|Any CPU
		{A8770752-7144-4EF0-82A8-DFA2DF4456A7}.Debug|Any CPU.ActiveCfg = Debug|Any CPU
		{A8770752-7144-4EF0-82A8-DFA2DF4456A7}.Debug|Any CPU.Build.0 = Debug|Any CPU
		{A8770752-7144-4EF0-82A8-DFA2DF4456A7}.Debug|x64.ActiveCfg = Debug|Any CPU
		{A8770752-7144-4EF0-82A8-DFA2DF4456A7}.Debug|x64.Build.0 = Debug|Any CPU
		{A8770752-7144-4EF0-82A8-DFA2DF4456A7}.Debug|x86.ActiveCfg = Debug|Any CPU
		{A8770752-7144-4EF0-82A8-DFA2DF4456A7}.Debug|x86.Build.0 = Debug|Any CPU
		{A8770752-7144-4EF0-82A8-DFA2DF4456A7}.Release|Any CPU.ActiveCfg = Release|Any CPU
		{A8770752-7144-4EF0-82A8-DFA2DF4456A7}.Release|Any CPU.Build.0 = Release|Any CPU
		{A8770752-7144-4EF0-82A8-DFA2DF4456A7}.Release|x64.ActiveCfg = Release|Any CPU
		{A8770752-7144-4EF0-82A8-DFA2DF4456A7}.Release|x64.Build.0 = Release|Any CPU
		{A8770752-7144-4EF0-82A8-DFA2DF4456A7}.Release|x86.ActiveCfg = Release|Any CPU
		{A8770752-7144-4EF0-82A8-DFA2DF4456A7}.Release|x86.Build.0 = Release|Any CPU
		{7255C91D-99C9-4002-A71E-B9E53EAD351B}.Debug|Any CPU.ActiveCfg = Debug|Any CPU
		{7255C91D-99C9-4002-A71E-B9E53EAD351B}.Debug|Any CPU.Build.0 = Debug|Any CPU
		{7255C91D-99C9-4002-A71E-B9E53EAD351B}.Debug|x64.ActiveCfg = Debug|Any CPU
		{7255C91D-99C9-4002-A71E-B9E53EAD351B}.Debug|x64.Build.0 = Debug|Any CPU
		{7255C91D-99C9-4002-A71E-B9E53EAD351B}.Debug|x86.ActiveCfg = Debug|Any CPU
		{7255C91D-99C9-4002-A71E-B9E53EAD351B}.Debug|x86.Build.0 = Debug|Any CPU
		{7255C91D-99C9-4002-A71E-B9E53EAD351B}.Release|Any CPU.ActiveCfg = Release|Any CPU
		{7255C91D-99C9-4002-A71E-B9E53EAD351B}.Release|Any CPU.Build.0 = Release|Any CPU
		{7255C91D-99C9-4002-A71E-B9E53EAD351B}.Release|x64.ActiveCfg = Release|Any CPU
		{7255C91D-99C9-4002-A71E-B9E53EAD351B}.Release|x64.Build.0 = Release|Any CPU
		{7255C91D-99C9-4002-A71E-B9E53EAD351B}.Release|x86.ActiveCfg = Release|Any CPU
		{7255C91D-99C9-4002-A71E-B9E53EAD351B}.Release|x86.Build.0 = Release|Any CPU
		{51ADBC07-6B56-4F26-BA3C-4FDCA5AB589A}.Debug|Any CPU.ActiveCfg = Debug|Any CPU
		{51ADBC07-6B56-4F26-BA3C-4FDCA5AB589A}.Debug|Any CPU.Build.0 = Debug|Any CPU
		{51ADBC07-6B56-4F26-BA3C-4FDCA5AB589A}.Debug|x64.ActiveCfg = Debug|Any CPU
		{51ADBC07-6B56-4F26-BA3C-4FDCA5AB589A}.Debug|x64.Build.0 = Debug|Any CPU
		{51ADBC07-6B56-4F26-BA3C-4FDCA5AB589A}.Debug|x86.ActiveCfg = Debug|Any CPU
		{51ADBC07-6B56-4F26-BA3C-4FDCA5AB589A}.Debug|x86.Build.0 = Debug|Any CPU
		{51ADBC07-6B56-4F26-BA3C-4FDCA5AB589A}.Release|Any CPU.ActiveCfg = Release|Any CPU
		{51ADBC07-6B56-4F26-BA3C-4FDCA5AB589A}.Release|Any CPU.Build.0 = Release|Any CPU
		{51ADBC07-6B56-4F26-BA3C-4FDCA5AB589A}.Release|x64.ActiveCfg = Release|Any CPU
		{51ADBC07-6B56-4F26-BA3C-4FDCA5AB589A}.Release|x64.Build.0 = Release|Any CPU
		{51ADBC07-6B56-4F26-BA3C-4FDCA5AB589A}.Release|x86.ActiveCfg = Release|Any CPU
		{51ADBC07-6B56-4F26-BA3C-4FDCA5AB589A}.Release|x86.Build.0 = Release|Any CPU
		{5B991084-3D17-44FD-B049-D972DB41A6C0}.Debug|Any CPU.ActiveCfg = Debug|Any CPU
		{5B991084-3D17-44FD-B049-D972DB41A6C0}.Debug|Any CPU.Build.0 = Debug|Any CPU
		{5B991084-3D17-44FD-B049-D972DB41A6C0}.Debug|x64.ActiveCfg = Debug|Any CPU
		{5B991084-3D17-44FD-B049-D972DB41A6C0}.Debug|x64.Build.0 = Debug|Any CPU
		{5B991084-3D17-44FD-B049-D972DB41A6C0}.Debug|x86.ActiveCfg = Debug|Any CPU
		{5B991084-3D17-44FD-B049-D972DB41A6C0}.Debug|x86.Build.0 = Debug|Any CPU
		{5B991084-3D17-44FD-B049-D972DB41A6C0}.Release|Any CPU.ActiveCfg = Release|Any CPU
		{5B991084-3D17-44FD-B049-D972DB41A6C0}.Release|Any CPU.Build.0 = Release|Any CPU
		{5B991084-3D17-44FD-B049-D972DB41A6C0}.Release|x64.ActiveCfg = Release|Any CPU
		{5B991084-3D17-44FD-B049-D972DB41A6C0}.Release|x64.Build.0 = Release|Any CPU
		{5B991084-3D17-44FD-B049-D972DB41A6C0}.Release|x86.ActiveCfg = Release|Any CPU
		{5B991084-3D17-44FD-B049-D972DB41A6C0}.Release|x86.Build.0 = Release|Any CPU
		{3429651D-AF53-4EB4-B53A-CF09943009BC}.Debug|Any CPU.ActiveCfg = Debug|Any CPU
		{3429651D-AF53-4EB4-B53A-CF09943009BC}.Debug|Any CPU.Build.0 = Debug|Any CPU
		{3429651D-AF53-4EB4-B53A-CF09943009BC}.Debug|x64.ActiveCfg = Debug|Any CPU
		{3429651D-AF53-4EB4-B53A-CF09943009BC}.Debug|x64.Build.0 = Debug|Any CPU
		{3429651D-AF53-4EB4-B53A-CF09943009BC}.Debug|x86.ActiveCfg = Debug|Any CPU
		{3429651D-AF53-4EB4-B53A-CF09943009BC}.Debug|x86.Build.0 = Debug|Any CPU
		{3429651D-AF53-4EB4-B53A-CF09943009BC}.Release|Any CPU.ActiveCfg = Release|Any CPU
		{3429651D-AF53-4EB4-B53A-CF09943009BC}.Release|Any CPU.Build.0 = Release|Any CPU
		{3429651D-AF53-4EB4-B53A-CF09943009BC}.Release|x64.ActiveCfg = Release|Any CPU
		{3429651D-AF53-4EB4-B53A-CF09943009BC}.Release|x64.Build.0 = Release|Any CPU
		{3429651D-AF53-4EB4-B53A-CF09943009BC}.Release|x86.ActiveCfg = Release|Any CPU
		{3429651D-AF53-4EB4-B53A-CF09943009BC}.Release|x86.Build.0 = Release|Any CPU
		{21160607-B25B-4FBE-AB2C-D8B9DBAD4B6E}.Debug|Any CPU.ActiveCfg = Debug|Any CPU
		{21160607-B25B-4FBE-AB2C-D8B9DBAD4B6E}.Debug|Any CPU.Build.0 = Debug|Any CPU
		{21160607-B25B-4FBE-AB2C-D8B9DBAD4B6E}.Debug|x64.ActiveCfg = Debug|Any CPU
		{21160607-B25B-4FBE-AB2C-D8B9DBAD4B6E}.Debug|x64.Build.0 = Debug|Any CPU
		{21160607-B25B-4FBE-AB2C-D8B9DBAD4B6E}.Debug|x86.ActiveCfg = Debug|Any CPU
		{21160607-B25B-4FBE-AB2C-D8B9DBAD4B6E}.Debug|x86.Build.0 = Debug|Any CPU
		{21160607-B25B-4FBE-AB2C-D8B9DBAD4B6E}.Release|Any CPU.ActiveCfg = Release|Any CPU
		{21160607-B25B-4FBE-AB2C-D8B9DBAD4B6E}.Release|Any CPU.Build.0 = Release|Any CPU
		{21160607-B25B-4FBE-AB2C-D8B9DBAD4B6E}.Release|x64.ActiveCfg = Release|Any CPU
		{21160607-B25B-4FBE-AB2C-D8B9DBAD4B6E}.Release|x64.Build.0 = Release|Any CPU
		{21160607-B25B-4FBE-AB2C-D8B9DBAD4B6E}.Release|x86.ActiveCfg = Release|Any CPU
		{21160607-B25B-4FBE-AB2C-D8B9DBAD4B6E}.Release|x86.Build.0 = Release|Any CPU
		{582CEAEA-A561-42BF-89AC-D9A7246B961A}.Debug|Any CPU.ActiveCfg = Debug|Any CPU
		{582CEAEA-A561-42BF-89AC-D9A7246B961A}.Debug|Any CPU.Build.0 = Debug|Any CPU
		{582CEAEA-A561-42BF-89AC-D9A7246B961A}.Debug|x64.ActiveCfg = Debug|Any CPU
		{582CEAEA-A561-42BF-89AC-D9A7246B961A}.Debug|x64.Build.0 = Debug|Any CPU
		{582CEAEA-A561-42BF-89AC-D9A7246B961A}.Debug|x86.ActiveCfg = Debug|Any CPU
		{582CEAEA-A561-42BF-89AC-D9A7246B961A}.Debug|x86.Build.0 = Debug|Any CPU
		{582CEAEA-A561-42BF-89AC-D9A7246B961A}.Release|Any CPU.ActiveCfg = Release|Any CPU
		{582CEAEA-A561-42BF-89AC-D9A7246B961A}.Release|Any CPU.Build.0 = Release|Any CPU
		{582CEAEA-A561-42BF-89AC-D9A7246B961A}.Release|x64.ActiveCfg = Release|Any CPU
		{582CEAEA-A561-42BF-89AC-D9A7246B961A}.Release|x64.Build.0 = Release|Any CPU
		{582CEAEA-A561-42BF-89AC-D9A7246B961A}.Release|x86.ActiveCfg = Release|Any CPU
		{582CEAEA-A561-42BF-89AC-D9A7246B961A}.Release|x86.Build.0 = Release|Any CPU
		{35087361-6552-41EB-92D1-78BB7B90AFC1}.Debug|Any CPU.ActiveCfg = Debug|Any CPU
		{35087361-6552-41EB-92D1-78BB7B90AFC1}.Debug|Any CPU.Build.0 = Debug|Any CPU
		{35087361-6552-41EB-92D1-78BB7B90AFC1}.Debug|x64.ActiveCfg = Debug|Any CPU
		{35087361-6552-41EB-92D1-78BB7B90AFC1}.Debug|x64.Build.0 = Debug|Any CPU
		{35087361-6552-41EB-92D1-78BB7B90AFC1}.Debug|x86.ActiveCfg = Debug|Any CPU
		{35087361-6552-41EB-92D1-78BB7B90AFC1}.Debug|x86.Build.0 = Debug|Any CPU
		{35087361-6552-41EB-92D1-78BB7B90AFC1}.Release|Any CPU.ActiveCfg = Release|Any CPU
		{35087361-6552-41EB-92D1-78BB7B90AFC1}.Release|Any CPU.Build.0 = Release|Any CPU
		{35087361-6552-41EB-92D1-78BB7B90AFC1}.Release|x64.ActiveCfg = Release|Any CPU
		{35087361-6552-41EB-92D1-78BB7B90AFC1}.Release|x64.Build.0 = Release|Any CPU
		{35087361-6552-41EB-92D1-78BB7B90AFC1}.Release|x86.ActiveCfg = Release|Any CPU
		{35087361-6552-41EB-92D1-78BB7B90AFC1}.Release|x86.Build.0 = Release|Any CPU
		{A2947DA5-3091-41DB-8EA6-B4A82801A353}.Debug|Any CPU.ActiveCfg = Debug|Any CPU
		{A2947DA5-3091-41DB-8EA6-B4A82801A353}.Debug|Any CPU.Build.0 = Debug|Any CPU
		{A2947DA5-3091-41DB-8EA6-B4A82801A353}.Debug|x64.ActiveCfg = Debug|Any CPU
		{A2947DA5-3091-41DB-8EA6-B4A82801A353}.Debug|x64.Build.0 = Debug|Any CPU
		{A2947DA5-3091-41DB-8EA6-B4A82801A353}.Debug|x86.ActiveCfg = Debug|Any CPU
		{A2947DA5-3091-41DB-8EA6-B4A82801A353}.Debug|x86.Build.0 = Debug|Any CPU
		{A2947DA5-3091-41DB-8EA6-B4A82801A353}.Release|Any CPU.ActiveCfg = Release|Any CPU
		{A2947DA5-3091-41DB-8EA6-B4A82801A353}.Release|Any CPU.Build.0 = Release|Any CPU
		{A2947DA5-3091-41DB-8EA6-B4A82801A353}.Release|x64.ActiveCfg = Release|Any CPU
		{A2947DA5-3091-41DB-8EA6-B4A82801A353}.Release|x64.Build.0 = Release|Any CPU
		{A2947DA5-3091-41DB-8EA6-B4A82801A353}.Release|x86.ActiveCfg = Release|Any CPU
		{A2947DA5-3091-41DB-8EA6-B4A82801A353}.Release|x86.Build.0 = Release|Any CPU
	EndGlobalSection
EndGlobal
