
Microsoft Visual Studio Solution File, Format Version 12.00
# Visual Studio Version 16
VisualStudioVersion = 16.0.30114.105
MinimumVisualStudioVersion = 10.0.40219.1
Project("{FAE04EC0-301F-11D3-BF4B-00C04F79EFBC}") = "Penguin.Cms.Navigation.Repositories.Local", "Penguin.Cms.Navigation.Repositories.Local.csproj", "{356C89C6-1A14-4A16-85BE-CD1A1A3E9E15}"
EndProject
Project("{FAE04EC0-301F-11D3-BF4B-00C04F79EFBC}") = "Penguin.Security.Abstractions.Local", "..\Penguin.Security.Abstractions\Penguin.Security.Abstractions.Local.csproj", "{639CEE8B-897B-47BB-8056-C5148069DDB5}"
EndProject
Project("{FAE04EC0-301F-11D3-BF4B-00C04F79EFBC}") = "Penguin.Extensions.Collections.Local", "..\Penguin.Extensions.Collections\Penguin.Extensions.Collections.Local.csproj", "{D9F46348-E316-42FC-B5CF-3E1495199C9F}"
EndProject
Project("{FAE04EC0-301F-11D3-BF4B-00C04F79EFBC}") = "Penguin.Reflection.Extensions.Local", "..\Penguin.Reflection.Extensions\Penguin.Reflection.Extensions.Local.csproj", "{92395B93-40B5-4725-861F-121767E21AFE}"
EndProject
Project("{FAE04EC0-301F-11D3-BF4B-00C04F79EFBC}") = "Penguin.Reflection.Abstractions.Local", "..\Penguin.Reflection.Abstractions\Penguin.Reflection.Abstractions.Local.csproj", "{4D818EA2-66EE-4A3E-9822-8A774CCA4636}"
EndProject
Project("{FAE04EC0-301F-11D3-BF4B-00C04F79EFBC}") = "Penguin.Extensions.String.Local", "..\Penguin.Extensions.String\Penguin.Extensions.String.Local.csproj", "{9477AD08-70F0-4690-AF1C-D2EC408984BD}"
EndProject
Project("{FAE04EC0-301F-11D3-BF4B-00C04F79EFBC}") = "Penguin.Cms.Navigation.Local", "..\Penguin.Cms.Navigation\Penguin.Cms.Navigation.Local.csproj", "{ADE3474E-E727-4C9E-BCE2-D8B6A1B6D282}"
EndProject
Project("{FAE04EC0-301F-11D3-BF4B-00C04F79EFBC}") = "Penguin.Navigation.Abstractions.Local", "..\Penguin.Navigation.Abstractions\Penguin.Navigation.Abstractions.Local.csproj", "{FF1AAE42-18AC-4BA7-8393-981A2630D4A9}"
EndProject
Project("{FAE04EC0-301F-11D3-BF4B-00C04F79EFBC}") = "Penguin.Shared.Objects.Local", "..\Penguin.Shared.Objects\Penguin.Shared.Objects.Local.csproj", "{29D2DC66-025A-4AFF-81B0-CEE930F73787}"
EndProject
Project("{FAE04EC0-301F-11D3-BF4B-00C04F79EFBC}") = "Penguin.Cms.Abstractions.Local", "..\Penguin.Cms.Abstractions\Penguin.Cms.Abstractions.Local.csproj", "{F82962AD-D692-4C34-A49C-ED84B7D624AF}"
EndProject
Project("{FAE04EC0-301F-11D3-BF4B-00C04F79EFBC}") = "Penguin.DependencyInjection.Abstractions.Local", "..\Penguin.DependencyInjection.Abstractions\Penguin.DependencyInjection.Abstractions.Local.csproj", "{83221C14-4DC5-4809-9EAF-04F9BF33481E}"
EndProject
Project("{FAE04EC0-301F-11D3-BF4B-00C04F79EFBC}") = "Penguin.Persistence.Abstractions.Local", "..\Penguin.Persistence.Abstractions\Penguin.Persistence.Abstractions.Local.csproj", "{F5D2075F-23D5-4B1E-8E9C-1FD7A8B3011A}"
EndProject
Project("{FAE04EC0-301F-11D3-BF4B-00C04F79EFBC}") = "Penguin.Entities.Abstractions.Local", "..\Penguin.Entities.Abstractions\Penguin.Entities.Abstractions.Local.csproj", "{5E16A7DA-D430-4167-A6A2-97EF6E2B8838}"
EndProject
Project("{FAE04EC0-301F-11D3-BF4B-00C04F79EFBC}") = "Penguin.Cms.Entities.Local", "..\Penguin.Cms.Entities\Penguin.Cms.Entities.Local.csproj", "{E7549D61-B0D6-45E7-8D23-8B8FAC1E20D0}"
EndProject
Project("{FAE04EC0-301F-11D3-BF4B-00C04F79EFBC}") = "Penguin.Cms.Repositories.Local", "..\Penguin.Cms.Repositories\Penguin.Cms.Repositories.Local.csproj", "{0D568918-6A19-40F8-A37E-73A0CC8712A1}"
EndProject
Project("{FAE04EC0-301F-11D3-BF4B-00C04F79EFBC}") = "Penguin.Persistence.Repositories.Local", "..\Penguin.Persistence.Repositories\Penguin.Persistence.Repositories.Local.csproj", "{A59B1595-9F44-443F-8F3C-75F7F10AE75A}"
EndProject
Project("{FAE04EC0-301F-11D3-BF4B-00C04F79EFBC}") = "Penguin.Messaging.Persistence.Local", "..\Penguin.Messaging.Persistence\Penguin.Messaging.Persistence.Local.csproj", "{2EC3DE71-57DB-4F80-B678-A8AA3DB66E6B}"
EndProject
Project("{FAE04EC0-301F-11D3-BF4B-00C04F79EFBC}") = "Penguin.Messaging.Abstractions.Local", "..\Penguin.Messaging.Abstractions\Penguin.Messaging.Abstractions.Local.csproj", "{07F4D525-18EE-41E3-A993-AF64BF2B10E1}"
EndProject
Project("{FAE04EC0-301F-11D3-BF4B-00C04F79EFBC}") = "Penguin.Messaging.Core.Local", "..\Penguin.Messaging.Core\Penguin.Messaging.Core.Local.csproj", "{8047F355-0F6E-4103-8A40-63F54BAB7FB6}"
EndProject
Project("{FAE04EC0-301F-11D3-BF4B-00C04F79EFBC}") = "Penguin.Debugging.Local", "..\Penguin.Debugging\Penguin.Debugging.Local.csproj", "{74230748-ED62-42A1-9C49-514A51BE4B27}"
EndProject
Project("{FAE04EC0-301F-11D3-BF4B-00C04F79EFBC}") = "Penguin.Extensions.Exceptions.Local", "..\Penguin.Extensions.Exceptions\Penguin.Extensions.Exceptions.Local.csproj", "{9E8574F6-7259-47BA-B374-22EE69F1C658}"
EndProject
Project("{FAE04EC0-301F-11D3-BF4B-00C04F79EFBC}") = "Penguin.Reflection.Local", "..\Penguin.Reflection\Penguin.Reflection.Local.csproj", "{3A51E706-D194-4C07-B170-8F548196C5B4}"
EndProject
Global
	GlobalSection(SolutionConfigurationPlatforms) = preSolution
		Debug|Any CPU = Debug|Any CPU
		Debug|x64 = Debug|x64
		Debug|x86 = Debug|x86
		Release|Any CPU = Release|Any CPU
		Release|x64 = Release|x64
		Release|x86 = Release|x86
	EndGlobalSection
	GlobalSection(SolutionProperties) = preSolution
		HideSolutionNode = FALSE
	EndGlobalSection
	GlobalSection(ProjectConfigurationPlatforms) = postSolution
		{356C89C6-1A14-4A16-85BE-CD1A1A3E9E15}.Debug|Any CPU.ActiveCfg = Debug|Any CPU
		{356C89C6-1A14-4A16-85BE-CD1A1A3E9E15}.Debug|Any CPU.Build.0 = Debug|Any CPU
		{356C89C6-1A14-4A16-85BE-CD1A1A3E9E15}.Debug|x64.ActiveCfg = Debug|Any CPU
		{356C89C6-1A14-4A16-85BE-CD1A1A3E9E15}.Debug|x64.Build.0 = Debug|Any CPU
		{356C89C6-1A14-4A16-85BE-CD1A1A3E9E15}.Debug|x86.ActiveCfg = Debug|Any CPU
		{356C89C6-1A14-4A16-85BE-CD1A1A3E9E15}.Debug|x86.Build.0 = Debug|Any CPU
		{356C89C6-1A14-4A16-85BE-CD1A1A3E9E15}.Release|Any CPU.ActiveCfg = Release|Any CPU
		{356C89C6-1A14-4A16-85BE-CD1A1A3E9E15}.Release|Any CPU.Build.0 = Release|Any CPU
		{356C89C6-1A14-4A16-85BE-CD1A1A3E9E15}.Release|x64.ActiveCfg = Release|Any CPU
		{356C89C6-1A14-4A16-85BE-CD1A1A3E9E15}.Release|x64.Build.0 = Release|Any CPU
		{356C89C6-1A14-4A16-85BE-CD1A1A3E9E15}.Release|x86.ActiveCfg = Release|Any CPU
		{356C89C6-1A14-4A16-85BE-CD1A1A3E9E15}.Release|x86.Build.0 = Release|Any CPU
		{639CEE8B-897B-47BB-8056-C5148069DDB5}.Debug|Any CPU.ActiveCfg = Debug|Any CPU
		{639CEE8B-897B-47BB-8056-C5148069DDB5}.Debug|Any CPU.Build.0 = Debug|Any CPU
		{639CEE8B-897B-47BB-8056-C5148069DDB5}.Debug|x64.ActiveCfg = Debug|Any CPU
		{639CEE8B-897B-47BB-8056-C5148069DDB5}.Debug|x64.Build.0 = Debug|Any CPU
		{639CEE8B-897B-47BB-8056-C5148069DDB5}.Debug|x86.ActiveCfg = Debug|Any CPU
		{639CEE8B-897B-47BB-8056-C5148069DDB5}.Debug|x86.Build.0 = Debug|Any CPU
		{639CEE8B-897B-47BB-8056-C5148069DDB5}.Release|Any CPU.ActiveCfg = Release|Any CPU
		{639CEE8B-897B-47BB-8056-C5148069DDB5}.Release|Any CPU.Build.0 = Release|Any CPU
		{639CEE8B-897B-47BB-8056-C5148069DDB5}.Release|x64.ActiveCfg = Release|Any CPU
		{639CEE8B-897B-47BB-8056-C5148069DDB5}.Release|x64.Build.0 = Release|Any CPU
		{639CEE8B-897B-47BB-8056-C5148069DDB5}.Release|x86.ActiveCfg = Release|Any CPU
		{639CEE8B-897B-47BB-8056-C5148069DDB5}.Release|x86.Build.0 = Release|Any CPU
		{D9F46348-E316-42FC-B5CF-3E1495199C9F}.Debug|Any CPU.ActiveCfg = Debug|Any CPU
		{D9F46348-E316-42FC-B5CF-3E1495199C9F}.Debug|Any CPU.Build.0 = Debug|Any CPU
		{D9F46348-E316-42FC-B5CF-3E1495199C9F}.Debug|x64.ActiveCfg = Debug|Any CPU
		{D9F46348-E316-42FC-B5CF-3E1495199C9F}.Debug|x64.Build.0 = Debug|Any CPU
		{D9F46348-E316-42FC-B5CF-3E1495199C9F}.Debug|x86.ActiveCfg = Debug|Any CPU
		{D9F46348-E316-42FC-B5CF-3E1495199C9F}.Debug|x86.Build.0 = Debug|Any CPU
		{D9F46348-E316-42FC-B5CF-3E1495199C9F}.Release|Any CPU.ActiveCfg = Release|Any CPU
		{D9F46348-E316-42FC-B5CF-3E1495199C9F}.Release|Any CPU.Build.0 = Release|Any CPU
		{D9F46348-E316-42FC-B5CF-3E1495199C9F}.Release|x64.ActiveCfg = Release|Any CPU
		{D9F46348-E316-42FC-B5CF-3E1495199C9F}.Release|x64.Build.0 = Release|Any CPU
		{D9F46348-E316-42FC-B5CF-3E1495199C9F}.Release|x86.ActiveCfg = Release|Any CPU
		{D9F46348-E316-42FC-B5CF-3E1495199C9F}.Release|x86.Build.0 = Release|Any CPU
		{92395B93-40B5-4725-861F-121767E21AFE}.Debug|Any CPU.ActiveCfg = Debug|Any CPU
		{92395B93-40B5-4725-861F-121767E21AFE}.Debug|Any CPU.Build.0 = Debug|Any CPU
		{92395B93-40B5-4725-861F-121767E21AFE}.Debug|x64.ActiveCfg = Debug|Any CPU
		{92395B93-40B5-4725-861F-121767E21AFE}.Debug|x64.Build.0 = Debug|Any CPU
		{92395B93-40B5-4725-861F-121767E21AFE}.Debug|x86.ActiveCfg = Debug|Any CPU
		{92395B93-40B5-4725-861F-121767E21AFE}.Debug|x86.Build.0 = Debug|Any CPU
		{92395B93-40B5-4725-861F-121767E21AFE}.Release|Any CPU.ActiveCfg = Release|Any CPU
		{92395B93-40B5-4725-861F-121767E21AFE}.Release|Any CPU.Build.0 = Release|Any CPU
		{92395B93-40B5-4725-861F-121767E21AFE}.Release|x64.ActiveCfg = Release|Any CPU
		{92395B93-40B5-4725-861F-121767E21AFE}.Release|x64.Build.0 = Release|Any CPU
		{92395B93-40B5-4725-861F-121767E21AFE}.Release|x86.ActiveCfg = Release|Any CPU
		{92395B93-40B5-4725-861F-121767E21AFE}.Release|x86.Build.0 = Release|Any CPU
		{4D818EA2-66EE-4A3E-9822-8A774CCA4636}.Debug|Any CPU.ActiveCfg = Debug|Any CPU
		{4D818EA2-66EE-4A3E-9822-8A774CCA4636}.Debug|Any CPU.Build.0 = Debug|Any CPU
		{4D818EA2-66EE-4A3E-9822-8A774CCA4636}.Debug|x64.ActiveCfg = Debug|Any CPU
		{4D818EA2-66EE-4A3E-9822-8A774CCA4636}.Debug|x64.Build.0 = Debug|Any CPU
		{4D818EA2-66EE-4A3E-9822-8A774CCA4636}.Debug|x86.ActiveCfg = Debug|Any CPU
		{4D818EA2-66EE-4A3E-9822-8A774CCA4636}.Debug|x86.Build.0 = Debug|Any CPU
		{4D818EA2-66EE-4A3E-9822-8A774CCA4636}.Release|Any CPU.ActiveCfg = Release|Any CPU
		{4D818EA2-66EE-4A3E-9822-8A774CCA4636}.Release|Any CPU.Build.0 = Release|Any CPU
		{4D818EA2-66EE-4A3E-9822-8A774CCA4636}.Release|x64.ActiveCfg = Release|Any CPU
		{4D818EA2-66EE-4A3E-9822-8A774CCA4636}.Release|x64.Build.0 = Release|Any CPU
		{4D818EA2-66EE-4A3E-9822-8A774CCA4636}.Release|x86.ActiveCfg = Release|Any CPU
		{4D818EA2-66EE-4A3E-9822-8A774CCA4636}.Release|x86.Build.0 = Release|Any CPU
		{9477AD08-70F0-4690-AF1C-D2EC408984BD}.Debug|Any CPU.ActiveCfg = Debug|Any CPU
		{9477AD08-70F0-4690-AF1C-D2EC408984BD}.Debug|Any CPU.Build.0 = Debug|Any CPU
		{9477AD08-70F0-4690-AF1C-D2EC408984BD}.Debug|x64.ActiveCfg = Debug|Any CPU
		{9477AD08-70F0-4690-AF1C-D2EC408984BD}.Debug|x64.Build.0 = Debug|Any CPU
		{9477AD08-70F0-4690-AF1C-D2EC408984BD}.Debug|x86.ActiveCfg = Debug|Any CPU
		{9477AD08-70F0-4690-AF1C-D2EC408984BD}.Debug|x86.Build.0 = Debug|Any CPU
		{9477AD08-70F0-4690-AF1C-D2EC408984BD}.Release|Any CPU.ActiveCfg = Release|Any CPU
		{9477AD08-70F0-4690-AF1C-D2EC408984BD}.Release|Any CPU.Build.0 = Release|Any CPU
		{9477AD08-70F0-4690-AF1C-D2EC408984BD}.Release|x64.ActiveCfg = Release|Any CPU
		{9477AD08-70F0-4690-AF1C-D2EC408984BD}.Release|x64.Build.0 = Release|Any CPU
		{9477AD08-70F0-4690-AF1C-D2EC408984BD}.Release|x86.ActiveCfg = Release|Any CPU
		{9477AD08-70F0-4690-AF1C-D2EC408984BD}.Release|x86.Build.0 = Release|Any CPU
		{ADE3474E-E727-4C9E-BCE2-D8B6A1B6D282}.Debug|Any CPU.ActiveCfg = Debug|Any CPU
		{ADE3474E-E727-4C9E-BCE2-D8B6A1B6D282}.Debug|Any CPU.Build.0 = Debug|Any CPU
		{ADE3474E-E727-4C9E-BCE2-D8B6A1B6D282}.Debug|x64.ActiveCfg = Debug|Any CPU
		{ADE3474E-E727-4C9E-BCE2-D8B6A1B6D282}.Debug|x64.Build.0 = Debug|Any CPU
		{ADE3474E-E727-4C9E-BCE2-D8B6A1B6D282}.Debug|x86.ActiveCfg = Debug|Any CPU
		{ADE3474E-E727-4C9E-BCE2-D8B6A1B6D282}.Debug|x86.Build.0 = Debug|Any CPU
		{ADE3474E-E727-4C9E-BCE2-D8B6A1B6D282}.Release|Any CPU.ActiveCfg = Release|Any CPU
		{ADE3474E-E727-4C9E-BCE2-D8B6A1B6D282}.Release|Any CPU.Build.0 = Release|Any CPU
		{ADE3474E-E727-4C9E-BCE2-D8B6A1B6D282}.Release|x64.ActiveCfg = Release|Any CPU
		{ADE3474E-E727-4C9E-BCE2-D8B6A1B6D282}.Release|x64.Build.0 = Release|Any CPU
		{ADE3474E-E727-4C9E-BCE2-D8B6A1B6D282}.Release|x86.ActiveCfg = Release|Any CPU
		{ADE3474E-E727-4C9E-BCE2-D8B6A1B6D282}.Release|x86.Build.0 = Release|Any CPU
		{FF1AAE42-18AC-4BA7-8393-981A2630D4A9}.Debug|Any CPU.ActiveCfg = Debug|Any CPU
		{FF1AAE42-18AC-4BA7-8393-981A2630D4A9}.Debug|Any CPU.Build.0 = Debug|Any CPU
		{FF1AAE42-18AC-4BA7-8393-981A2630D4A9}.Debug|x64.ActiveCfg = Debug|Any CPU
		{FF1AAE42-18AC-4BA7-8393-981A2630D4A9}.Debug|x64.Build.0 = Debug|Any CPU
		{FF1AAE42-18AC-4BA7-8393-981A2630D4A9}.Debug|x86.ActiveCfg = Debug|Any CPU
		{FF1AAE42-18AC-4BA7-8393-981A2630D4A9}.Debug|x86.Build.0 = Debug|Any CPU
		{FF1AAE42-18AC-4BA7-8393-981A2630D4A9}.Release|Any CPU.ActiveCfg = Release|Any CPU
		{FF1AAE42-18AC-4BA7-8393-981A2630D4A9}.Release|Any CPU.Build.0 = Release|Any CPU
		{FF1AAE42-18AC-4BA7-8393-981A2630D4A9}.Release|x64.ActiveCfg = Release|Any CPU
		{FF1AAE42-18AC-4BA7-8393-981A2630D4A9}.Release|x64.Build.0 = Release|Any CPU
		{FF1AAE42-18AC-4BA7-8393-981A2630D4A9}.Release|x86.ActiveCfg = Release|Any CPU
		{FF1AAE42-18AC-4BA7-8393-981A2630D4A9}.Release|x86.Build.0 = Release|Any CPU
		{29D2DC66-025A-4AFF-81B0-CEE930F73787}.Debug|Any CPU.ActiveCfg = Debug|Any CPU
		{29D2DC66-025A-4AFF-81B0-CEE930F73787}.Debug|Any CPU.Build.0 = Debug|Any CPU
		{29D2DC66-025A-4AFF-81B0-CEE930F73787}.Debug|x64.ActiveCfg = Debug|Any CPU
		{29D2DC66-025A-4AFF-81B0-CEE930F73787}.Debug|x64.Build.0 = Debug|Any CPU
		{29D2DC66-025A-4AFF-81B0-CEE930F73787}.Debug|x86.ActiveCfg = Debug|Any CPU
		{29D2DC66-025A-4AFF-81B0-CEE930F73787}.Debug|x86.Build.0 = Debug|Any CPU
		{29D2DC66-025A-4AFF-81B0-CEE930F73787}.Release|Any CPU.ActiveCfg = Release|Any CPU
		{29D2DC66-025A-4AFF-81B0-CEE930F73787}.Release|Any CPU.Build.0 = Release|Any CPU
		{29D2DC66-025A-4AFF-81B0-CEE930F73787}.Release|x64.ActiveCfg = Release|Any CPU
		{29D2DC66-025A-4AFF-81B0-CEE930F73787}.Release|x64.Build.0 = Release|Any CPU
		{29D2DC66-025A-4AFF-81B0-CEE930F73787}.Release|x86.ActiveCfg = Release|Any CPU
		{29D2DC66-025A-4AFF-81B0-CEE930F73787}.Release|x86.Build.0 = Release|Any CPU
		{F82962AD-D692-4C34-A49C-ED84B7D624AF}.Debug|Any CPU.ActiveCfg = Debug|Any CPU
		{F82962AD-D692-4C34-A49C-ED84B7D624AF}.Debug|Any CPU.Build.0 = Debug|Any CPU
		{F82962AD-D692-4C34-A49C-ED84B7D624AF}.Debug|x64.ActiveCfg = Debug|Any CPU
		{F82962AD-D692-4C34-A49C-ED84B7D624AF}.Debug|x64.Build.0 = Debug|Any CPU
		{F82962AD-D692-4C34-A49C-ED84B7D624AF}.Debug|x86.ActiveCfg = Debug|Any CPU
		{F82962AD-D692-4C34-A49C-ED84B7D624AF}.Debug|x86.Build.0 = Debug|Any CPU
		{F82962AD-D692-4C34-A49C-ED84B7D624AF}.Release|Any CPU.ActiveCfg = Release|Any CPU
		{F82962AD-D692-4C34-A49C-ED84B7D624AF}.Release|Any CPU.Build.0 = Release|Any CPU
		{F82962AD-D692-4C34-A49C-ED84B7D624AF}.Release|x64.ActiveCfg = Release|Any CPU
		{F82962AD-D692-4C34-A49C-ED84B7D624AF}.Release|x64.Build.0 = Release|Any CPU
		{F82962AD-D692-4C34-A49C-ED84B7D624AF}.Release|x86.ActiveCfg = Release|Any CPU
		{F82962AD-D692-4C34-A49C-ED84B7D624AF}.Release|x86.Build.0 = Release|Any CPU
		{83221C14-4DC5-4809-9EAF-04F9BF33481E}.Debug|Any CPU.ActiveCfg = Debug|Any CPU
		{83221C14-4DC5-4809-9EAF-04F9BF33481E}.Debug|Any CPU.Build.0 = Debug|Any CPU
		{83221C14-4DC5-4809-9EAF-04F9BF33481E}.Debug|x64.ActiveCfg = Debug|Any CPU
		{83221C14-4DC5-4809-9EAF-04F9BF33481E}.Debug|x64.Build.0 = Debug|Any CPU
		{83221C14-4DC5-4809-9EAF-04F9BF33481E}.Debug|x86.ActiveCfg = Debug|Any CPU
		{83221C14-4DC5-4809-9EAF-04F9BF33481E}.Debug|x86.Build.0 = Debug|Any CPU
		{83221C14-4DC5-4809-9EAF-04F9BF33481E}.Release|Any CPU.ActiveCfg = Release|Any CPU
		{83221C14-4DC5-4809-9EAF-04F9BF33481E}.Release|Any CPU.Build.0 = Release|Any CPU
		{83221C14-4DC5-4809-9EAF-04F9BF33481E}.Release|x64.ActiveCfg = Release|Any CPU
		{83221C14-4DC5-4809-9EAF-04F9BF33481E}.Release|x64.Build.0 = Release|Any CPU
		{83221C14-4DC5-4809-9EAF-04F9BF33481E}.Release|x86.ActiveCfg = Release|Any CPU
		{83221C14-4DC5-4809-9EAF-04F9BF33481E}.Release|x86.Build.0 = Release|Any CPU
		{F5D2075F-23D5-4B1E-8E9C-1FD7A8B3011A}.Debug|Any CPU.ActiveCfg = Debug|Any CPU
		{F5D2075F-23D5-4B1E-8E9C-1FD7A8B3011A}.Debug|Any CPU.Build.0 = Debug|Any CPU
		{F5D2075F-23D5-4B1E-8E9C-1FD7A8B3011A}.Debug|x64.ActiveCfg = Debug|Any CPU
		{F5D2075F-23D5-4B1E-8E9C-1FD7A8B3011A}.Debug|x64.Build.0 = Debug|Any CPU
		{F5D2075F-23D5-4B1E-8E9C-1FD7A8B3011A}.Debug|x86.ActiveCfg = Debug|Any CPU
		{F5D2075F-23D5-4B1E-8E9C-1FD7A8B3011A}.Debug|x86.Build.0 = Debug|Any CPU
		{F5D2075F-23D5-4B1E-8E9C-1FD7A8B3011A}.Release|Any CPU.ActiveCfg = Release|Any CPU
		{F5D2075F-23D5-4B1E-8E9C-1FD7A8B3011A}.Release|Any CPU.Build.0 = Release|Any CPU
		{F5D2075F-23D5-4B1E-8E9C-1FD7A8B3011A}.Release|x64.ActiveCfg = Release|Any CPU
		{F5D2075F-23D5-4B1E-8E9C-1FD7A8B3011A}.Release|x64.Build.0 = Release|Any CPU
		{F5D2075F-23D5-4B1E-8E9C-1FD7A8B3011A}.Release|x86.ActiveCfg = Release|Any CPU
		{F5D2075F-23D5-4B1E-8E9C-1FD7A8B3011A}.Release|x86.Build.0 = Release|Any CPU
		{5E16A7DA-D430-4167-A6A2-97EF6E2B8838}.Debug|Any CPU.ActiveCfg = Debug|Any CPU
		{5E16A7DA-D430-4167-A6A2-97EF6E2B8838}.Debug|Any CPU.Build.0 = Debug|Any CPU
		{5E16A7DA-D430-4167-A6A2-97EF6E2B8838}.Debug|x64.ActiveCfg = Debug|Any CPU
		{5E16A7DA-D430-4167-A6A2-97EF6E2B8838}.Debug|x64.Build.0 = Debug|Any CPU
		{5E16A7DA-D430-4167-A6A2-97EF6E2B8838}.Debug|x86.ActiveCfg = Debug|Any CPU
		{5E16A7DA-D430-4167-A6A2-97EF6E2B8838}.Debug|x86.Build.0 = Debug|Any CPU
		{5E16A7DA-D430-4167-A6A2-97EF6E2B8838}.Release|Any CPU.ActiveCfg = Release|Any CPU
		{5E16A7DA-D430-4167-A6A2-97EF6E2B8838}.Release|Any CPU.Build.0 = Release|Any CPU
		{5E16A7DA-D430-4167-A6A2-97EF6E2B8838}.Release|x64.ActiveCfg = Release|Any CPU
		{5E16A7DA-D430-4167-A6A2-97EF6E2B8838}.Release|x64.Build.0 = Release|Any CPU
		{5E16A7DA-D430-4167-A6A2-97EF6E2B8838}.Release|x86.ActiveCfg = Release|Any CPU
		{5E16A7DA-D430-4167-A6A2-97EF6E2B8838}.Release|x86.Build.0 = Release|Any CPU
		{E7549D61-B0D6-45E7-8D23-8B8FAC1E20D0}.Debug|Any CPU.ActiveCfg = Debug|Any CPU
		{E7549D61-B0D6-45E7-8D23-8B8FAC1E20D0}.Debug|Any CPU.Build.0 = Debug|Any CPU
		{E7549D61-B0D6-45E7-8D23-8B8FAC1E20D0}.Debug|x64.ActiveCfg = Debug|Any CPU
		{E7549D61-B0D6-45E7-8D23-8B8FAC1E20D0}.Debug|x64.Build.0 = Debug|Any CPU
		{E7549D61-B0D6-45E7-8D23-8B8FAC1E20D0}.Debug|x86.ActiveCfg = Debug|Any CPU
		{E7549D61-B0D6-45E7-8D23-8B8FAC1E20D0}.Debug|x86.Build.0 = Debug|Any CPU
		{E7549D61-B0D6-45E7-8D23-8B8FAC1E20D0}.Release|Any CPU.ActiveCfg = Release|Any CPU
		{E7549D61-B0D6-45E7-8D23-8B8FAC1E20D0}.Release|Any CPU.Build.0 = Release|Any CPU
		{E7549D61-B0D6-45E7-8D23-8B8FAC1E20D0}.Release|x64.ActiveCfg = Release|Any CPU
		{E7549D61-B0D6-45E7-8D23-8B8FAC1E20D0}.Release|x64.Build.0 = Release|Any CPU
		{E7549D61-B0D6-45E7-8D23-8B8FAC1E20D0}.Release|x86.ActiveCfg = Release|Any CPU
		{E7549D61-B0D6-45E7-8D23-8B8FAC1E20D0}.Release|x86.Build.0 = Release|Any CPU
		{0D568918-6A19-40F8-A37E-73A0CC8712A1}.Debug|Any CPU.ActiveCfg = Debug|Any CPU
		{0D568918-6A19-40F8-A37E-73A0CC8712A1}.Debug|Any CPU.Build.0 = Debug|Any CPU
		{0D568918-6A19-40F8-A37E-73A0CC8712A1}.Debug|x64.ActiveCfg = Debug|Any CPU
		{0D568918-6A19-40F8-A37E-73A0CC8712A1}.Debug|x64.Build.0 = Debug|Any CPU
		{0D568918-6A19-40F8-A37E-73A0CC8712A1}.Debug|x86.ActiveCfg = Debug|Any CPU
		{0D568918-6A19-40F8-A37E-73A0CC8712A1}.Debug|x86.Build.0 = Debug|Any CPU
		{0D568918-6A19-40F8-A37E-73A0CC8712A1}.Release|Any CPU.ActiveCfg = Release|Any CPU
		{0D568918-6A19-40F8-A37E-73A0CC8712A1}.Release|Any CPU.Build.0 = Release|Any CPU
		{0D568918-6A19-40F8-A37E-73A0CC8712A1}.Release|x64.ActiveCfg = Release|Any CPU
		{0D568918-6A19-40F8-A37E-73A0CC8712A1}.Release|x64.Build.0 = Release|Any CPU
		{0D568918-6A19-40F8-A37E-73A0CC8712A1}.Release|x86.ActiveCfg = Release|Any CPU
		{0D568918-6A19-40F8-A37E-73A0CC8712A1}.Release|x86.Build.0 = Release|Any CPU
		{A59B1595-9F44-443F-8F3C-75F7F10AE75A}.Debug|Any CPU.ActiveCfg = Debug|Any CPU
		{A59B1595-9F44-443F-8F3C-75F7F10AE75A}.Debug|Any CPU.Build.0 = Debug|Any CPU
		{A59B1595-9F44-443F-8F3C-75F7F10AE75A}.Debug|x64.ActiveCfg = Debug|Any CPU
		{A59B1595-9F44-443F-8F3C-75F7F10AE75A}.Debug|x64.Build.0 = Debug|Any CPU
		{A59B1595-9F44-443F-8F3C-75F7F10AE75A}.Debug|x86.ActiveCfg = Debug|Any CPU
		{A59B1595-9F44-443F-8F3C-75F7F10AE75A}.Debug|x86.Build.0 = Debug|Any CPU
		{A59B1595-9F44-443F-8F3C-75F7F10AE75A}.Release|Any CPU.ActiveCfg = Release|Any CPU
		{A59B1595-9F44-443F-8F3C-75F7F10AE75A}.Release|Any CPU.Build.0 = Release|Any CPU
		{A59B1595-9F44-443F-8F3C-75F7F10AE75A}.Release|x64.ActiveCfg = Release|Any CPU
		{A59B1595-9F44-443F-8F3C-75F7F10AE75A}.Release|x64.Build.0 = Release|Any CPU
		{A59B1595-9F44-443F-8F3C-75F7F10AE75A}.Release|x86.ActiveCfg = Release|Any CPU
		{A59B1595-9F44-443F-8F3C-75F7F10AE75A}.Release|x86.Build.0 = Release|Any CPU
		{2EC3DE71-57DB-4F80-B678-A8AA3DB66E6B}.Debug|Any CPU.ActiveCfg = Debug|Any CPU
		{2EC3DE71-57DB-4F80-B678-A8AA3DB66E6B}.Debug|Any CPU.Build.0 = Debug|Any CPU
		{2EC3DE71-57DB-4F80-B678-A8AA3DB66E6B}.Debug|x64.ActiveCfg = Debug|Any CPU
		{2EC3DE71-57DB-4F80-B678-A8AA3DB66E6B}.Debug|x64.Build.0 = Debug|Any CPU
		{2EC3DE71-57DB-4F80-B678-A8AA3DB66E6B}.Debug|x86.ActiveCfg = Debug|Any CPU
		{2EC3DE71-57DB-4F80-B678-A8AA3DB66E6B}.Debug|x86.Build.0 = Debug|Any CPU
		{2EC3DE71-57DB-4F80-B678-A8AA3DB66E6B}.Release|Any CPU.ActiveCfg = Release|Any CPU
		{2EC3DE71-57DB-4F80-B678-A8AA3DB66E6B}.Release|Any CPU.Build.0 = Release|Any CPU
		{2EC3DE71-57DB-4F80-B678-A8AA3DB66E6B}.Release|x64.ActiveCfg = Release|Any CPU
		{2EC3DE71-57DB-4F80-B678-A8AA3DB66E6B}.Release|x64.Build.0 = Release|Any CPU
		{2EC3DE71-57DB-4F80-B678-A8AA3DB66E6B}.Release|x86.ActiveCfg = Release|Any CPU
		{2EC3DE71-57DB-4F80-B678-A8AA3DB66E6B}.Release|x86.Build.0 = Release|Any CPU
		{07F4D525-18EE-41E3-A993-AF64BF2B10E1}.Debug|Any CPU.ActiveCfg = Debug|Any CPU
		{07F4D525-18EE-41E3-A993-AF64BF2B10E1}.Debug|Any CPU.Build.0 = Debug|Any CPU
		{07F4D525-18EE-41E3-A993-AF64BF2B10E1}.Debug|x64.ActiveCfg = Debug|Any CPU
		{07F4D525-18EE-41E3-A993-AF64BF2B10E1}.Debug|x64.Build.0 = Debug|Any CPU
		{07F4D525-18EE-41E3-A993-AF64BF2B10E1}.Debug|x86.ActiveCfg = Debug|Any CPU
		{07F4D525-18EE-41E3-A993-AF64BF2B10E1}.Debug|x86.Build.0 = Debug|Any CPU
		{07F4D525-18EE-41E3-A993-AF64BF2B10E1}.Release|Any CPU.ActiveCfg = Release|Any CPU
		{07F4D525-18EE-41E3-A993-AF64BF2B10E1}.Release|Any CPU.Build.0 = Release|Any CPU
		{07F4D525-18EE-41E3-A993-AF64BF2B10E1}.Release|x64.ActiveCfg = Release|Any CPU
		{07F4D525-18EE-41E3-A993-AF64BF2B10E1}.Release|x64.Build.0 = Release|Any CPU
		{07F4D525-18EE-41E3-A993-AF64BF2B10E1}.Release|x86.ActiveCfg = Release|Any CPU
		{07F4D525-18EE-41E3-A993-AF64BF2B10E1}.Release|x86.Build.0 = Release|Any CPU
		{8047F355-0F6E-4103-8A40-63F54BAB7FB6}.Debug|Any CPU.ActiveCfg = Debug|Any CPU
		{8047F355-0F6E-4103-8A40-63F54BAB7FB6}.Debug|Any CPU.Build.0 = Debug|Any CPU
		{8047F355-0F6E-4103-8A40-63F54BAB7FB6}.Debug|x64.ActiveCfg = Debug|Any CPU
		{8047F355-0F6E-4103-8A40-63F54BAB7FB6}.Debug|x64.Build.0 = Debug|Any CPU
		{8047F355-0F6E-4103-8A40-63F54BAB7FB6}.Debug|x86.ActiveCfg = Debug|Any CPU
		{8047F355-0F6E-4103-8A40-63F54BAB7FB6}.Debug|x86.Build.0 = Debug|Any CPU
		{8047F355-0F6E-4103-8A40-63F54BAB7FB6}.Release|Any CPU.ActiveCfg = Release|Any CPU
		{8047F355-0F6E-4103-8A40-63F54BAB7FB6}.Release|Any CPU.Build.0 = Release|Any CPU
		{8047F355-0F6E-4103-8A40-63F54BAB7FB6}.Release|x64.ActiveCfg = Release|Any CPU
		{8047F355-0F6E-4103-8A40-63F54BAB7FB6}.Release|x64.Build.0 = Release|Any CPU
		{8047F355-0F6E-4103-8A40-63F54BAB7FB6}.Release|x86.ActiveCfg = Release|Any CPU
		{8047F355-0F6E-4103-8A40-63F54BAB7FB6}.Release|x86.Build.0 = Release|Any CPU
		{74230748-ED62-42A1-9C49-514A51BE4B27}.Debug|Any CPU.ActiveCfg = Debug|Any CPU
		{74230748-ED62-42A1-9C49-514A51BE4B27}.Debug|Any CPU.Build.0 = Debug|Any CPU
		{74230748-ED62-42A1-9C49-514A51BE4B27}.Debug|x64.ActiveCfg = Debug|Any CPU
		{74230748-ED62-42A1-9C49-514A51BE4B27}.Debug|x64.Build.0 = Debug|Any CPU
		{74230748-ED62-42A1-9C49-514A51BE4B27}.Debug|x86.ActiveCfg = Debug|Any CPU
		{74230748-ED62-42A1-9C49-514A51BE4B27}.Debug|x86.Build.0 = Debug|Any CPU
		{74230748-ED62-42A1-9C49-514A51BE4B27}.Release|Any CPU.ActiveCfg = Release|Any CPU
		{74230748-ED62-42A1-9C49-514A51BE4B27}.Release|Any CPU.Build.0 = Release|Any CPU
		{74230748-ED62-42A1-9C49-514A51BE4B27}.Release|x64.ActiveCfg = Release|Any CPU
		{74230748-ED62-42A1-9C49-514A51BE4B27}.Release|x64.Build.0 = Release|Any CPU
		{74230748-ED62-42A1-9C49-514A51BE4B27}.Release|x86.ActiveCfg = Release|Any CPU
		{74230748-ED62-42A1-9C49-514A51BE4B27}.Release|x86.Build.0 = Release|Any CPU
		{9E8574F6-7259-47BA-B374-22EE69F1C658}.Debug|Any CPU.ActiveCfg = Debug|Any CPU
		{9E8574F6-7259-47BA-B374-22EE69F1C658}.Debug|Any CPU.Build.0 = Debug|Any CPU
		{9E8574F6-7259-47BA-B374-22EE69F1C658}.Debug|x64.ActiveCfg = Debug|Any CPU
		{9E8574F6-7259-47BA-B374-22EE69F1C658}.Debug|x64.Build.0 = Debug|Any CPU
		{9E8574F6-7259-47BA-B374-22EE69F1C658}.Debug|x86.ActiveCfg = Debug|Any CPU
		{9E8574F6-7259-47BA-B374-22EE69F1C658}.Debug|x86.Build.0 = Debug|Any CPU
		{9E8574F6-7259-47BA-B374-22EE69F1C658}.Release|Any CPU.ActiveCfg = Release|Any CPU
		{9E8574F6-7259-47BA-B374-22EE69F1C658}.Release|Any CPU.Build.0 = Release|Any CPU
		{9E8574F6-7259-47BA-B374-22EE69F1C658}.Release|x64.ActiveCfg = Release|Any CPU
		{9E8574F6-7259-47BA-B374-22EE69F1C658}.Release|x64.Build.0 = Release|Any CPU
		{9E8574F6-7259-47BA-B374-22EE69F1C658}.Release|x86.ActiveCfg = Release|Any CPU
		{9E8574F6-7259-47BA-B374-22EE69F1C658}.Release|x86.Build.0 = Release|Any CPU
		{3A51E706-D194-4C07-B170-8F548196C5B4}.Debug|Any CPU.ActiveCfg = Debug|Any CPU
		{3A51E706-D194-4C07-B170-8F548196C5B4}.Debug|Any CPU.Build.0 = Debug|Any CPU
		{3A51E706-D194-4C07-B170-8F548196C5B4}.Debug|x64.ActiveCfg = Debug|Any CPU
		{3A51E706-D194-4C07-B170-8F548196C5B4}.Debug|x64.Build.0 = Debug|Any CPU
		{3A51E706-D194-4C07-B170-8F548196C5B4}.Debug|x86.ActiveCfg = Debug|Any CPU
		{3A51E706-D194-4C07-B170-8F548196C5B4}.Debug|x86.Build.0 = Debug|Any CPU
		{3A51E706-D194-4C07-B170-8F548196C5B4}.Release|Any CPU.ActiveCfg = Release|Any CPU
		{3A51E706-D194-4C07-B170-8F548196C5B4}.Release|Any CPU.Build.0 = Release|Any CPU
		{3A51E706-D194-4C07-B170-8F548196C5B4}.Release|x64.ActiveCfg = Release|Any CPU
		{3A51E706-D194-4C07-B170-8F548196C5B4}.Release|x64.Build.0 = Release|Any CPU
		{3A51E706-D194-4C07-B170-8F548196C5B4}.Release|x86.ActiveCfg = Release|Any CPU
		{3A51E706-D194-4C07-B170-8F548196C5B4}.Release|x86.Build.0 = Release|Any CPU
	EndGlobalSection
EndGlobal
